// !$*UTF8*$!
{
	archiveVersion = 1;
	classes = {
	};
	objectVersion = 46;
	objects = {

/* Begin PBXBuildFile section */
		70D15AEE1B0C24B400B417B4 /* AppDelegate.swift in Sources */ = {isa = PBXBuildFile; fileRef = 70D15AED1B0C24B400B417B4 /* AppDelegate.swift */; };
		70D15AF11B0C24B400B417B4 /* TwitterClientDemo.xcdatamodeld in Sources */ = {isa = PBXBuildFile; fileRef = 70D15AEF1B0C24B400B417B4 /* TwitterClientDemo.xcdatamodeld */; };
		70D15AF31B0C24B400B417B4 /* ViewController.swift in Sources */ = {isa = PBXBuildFile; fileRef = 70D15AF21B0C24B400B417B4 /* ViewController.swift */; };
		70D15AF81B0C24B400B417B4 /* Images.xcassets in Resources */ = {isa = PBXBuildFile; fileRef = 70D15AF71B0C24B400B417B4 /* Images.xcassets */; };
		70D15AFB1B0C24B400B417B4 /* LaunchScreen.xib in Resources */ = {isa = PBXBuildFile; fileRef = 70D15AF91B0C24B400B417B4 /* LaunchScreen.xib */; };
		70D15B071B0C24B400B417B4 /* TwitterClientDemoTests.swift in Sources */ = {isa = PBXBuildFile; fileRef = 70D15B061B0C24B400B417B4 /* TwitterClientDemoTests.swift */; };
		70D15B1A1B0C289200B417B4 /* Home.storyboard in Resources */ = {isa = PBXBuildFile; fileRef = 70D15B191B0C289200B417B4 /* Home.storyboard */; };
		70D15B1D1B0C29D100B417B4 /* StoryboardConstants.swift in Sources */ = {isa = PBXBuildFile; fileRef = 70D15B1C1B0C29D100B417B4 /* StoryboardConstants.swift */; };
		70D15B211B0C310B00B417B4 /* Login.storyboard in Resources */ = {isa = PBXBuildFile; fileRef = 70D15B201B0C310B00B417B4 /* Login.storyboard */; };
		70D15B231B0C317E00B417B4 /* LoginViewController.swift in Sources */ = {isa = PBXBuildFile; fileRef = 70D15B221B0C317E00B417B4 /* LoginViewController.swift */; };
		70D15B251B0C39C100B417B4 /* URLConstants.swift in Sources */ = {isa = PBXBuildFile; fileRef = 70D15B241B0C39C100B417B4 /* URLConstants.swift */; };
		70D15B271B0C436500B417B4 /* TwitterStore.swift in Sources */ = {isa = PBXBuildFile; fileRef = 70D15B261B0C436500B417B4 /* TwitterStore.swift */; };
/* End PBXBuildFile section */

/* Begin PBXContainerItemProxy section */
		70D15B011B0C24B400B417B4 /* PBXContainerItemProxy */ = {
			isa = PBXContainerItemProxy;
			containerPortal = 70D15AE01B0C24B400B417B4 /* Project object */;
			proxyType = 1;
			remoteGlobalIDString = 70D15AE71B0C24B400B417B4;
			remoteInfo = TwitterClientDemo;
		};
/* End PBXContainerItemProxy section */

/* Begin PBXFileReference section */
		70D15AE81B0C24B400B417B4 /* TwitterClientDemo.app */ = {isa = PBXFileReference; explicitFileType = wrapper.application; includeInIndex = 0; path = TwitterClientDemo.app; sourceTree = BUILT_PRODUCTS_DIR; };
		70D15AEC1B0C24B400B417B4 /* Info.plist */ = {isa = PBXFileReference; lastKnownFileType = text.plist.xml; path = Info.plist; sourceTree = "<group>"; };
		70D15AED1B0C24B400B417B4 /* AppDelegate.swift */ = {isa = PBXFileReference; lastKnownFileType = sourcecode.swift; path = AppDelegate.swift; sourceTree = "<group>"; };
		70D15AF01B0C24B400B417B4 /* TwitterClientDemo.xcdatamodel */ = {isa = PBXFileReference; lastKnownFileType = wrapper.xcdatamodel; path = TwitterClientDemo.xcdatamodel; sourceTree = "<group>"; };
		70D15AF21B0C24B400B417B4 /* ViewController.swift */ = {isa = PBXFileReference; lastKnownFileType = sourcecode.swift; path = ViewController.swift; sourceTree = "<group>"; };
		70D15AF71B0C24B400B417B4 /* Images.xcassets */ = {isa = PBXFileReference; lastKnownFileType = folder.assetcatalog; path = Images.xcassets; sourceTree = "<group>"; };
		70D15AFA1B0C24B400B417B4 /* Base */ = {isa = PBXFileReference; lastKnownFileType = file.xib; name = Base; path = Base.lproj/LaunchScreen.xib; sourceTree = "<group>"; };
		70D15B001B0C24B400B417B4 /* TwitterClientDemoTests.xctest */ = {isa = PBXFileReference; explicitFileType = wrapper.cfbundle; includeInIndex = 0; path = TwitterClientDemoTests.xctest; sourceTree = BUILT_PRODUCTS_DIR; };
		70D15B051B0C24B400B417B4 /* Info.plist */ = {isa = PBXFileReference; lastKnownFileType = text.plist.xml; path = Info.plist; sourceTree = "<group>"; };
		70D15B061B0C24B400B417B4 /* TwitterClientDemoTests.swift */ = {isa = PBXFileReference; lastKnownFileType = sourcecode.swift; path = TwitterClientDemoTests.swift; sourceTree = "<group>"; };
		70D15B191B0C289200B417B4 /* Home.storyboard */ = {isa = PBXFileReference; fileEncoding = 4; lastKnownFileType = file.storyboard; name = Home.storyboard; path = Resources/Storyboards/Home.storyboard; sourceTree = "<group>"; };
		70D15B1C1B0C29D100B417B4 /* StoryboardConstants.swift */ = {isa = PBXFileReference; fileEncoding = 4; lastKnownFileType = sourcecode.swift; name = StoryboardConstants.swift; path = Constants/StoryboardConstants.swift; sourceTree = "<group>"; };
		70D15B201B0C310B00B417B4 /* Login.storyboard */ = {isa = PBXFileReference; fileEncoding = 4; lastKnownFileType = file.storyboard; name = Login.storyboard; path = Resources/Storyboards/Login.storyboard; sourceTree = "<group>"; };
		70D15B221B0C317E00B417B4 /* LoginViewController.swift */ = {isa = PBXFileReference; fileEncoding = 4; lastKnownFileType = sourcecode.swift; path = LoginViewController.swift; sourceTree = "<group>"; };
		70D15B241B0C39C100B417B4 /* URLConstants.swift */ = {isa = PBXFileReference; fileEncoding = 4; lastKnownFileType = sourcecode.swift; name = URLConstants.swift; path = Constants/URLConstants.swift; sourceTree = "<group>"; };
		70D15B261B0C436500B417B4 /* TwitterStore.swift */ = {isa = PBXFileReference; fileEncoding = 4; lastKnownFileType = sourcecode.swift; path = TwitterStore.swift; sourceTree = "<group>"; };
/* End PBXFileReference section */

/* Begin PBXFrameworksBuildPhase section */
		70D15AE51B0C24B400B417B4 /* Frameworks */ = {
			isa = PBXFrameworksBuildPhase;
			buildActionMask = 2147483647;
			files = (
			);
			runOnlyForDeploymentPostprocessing = 0;
		};
		70D15AFD1B0C24B400B417B4 /* Frameworks */ = {
			isa = PBXFrameworksBuildPhase;
			buildActionMask = 2147483647;
			files = (
			);
			runOnlyForDeploymentPostprocessing = 0;
		};
/* End PBXFrameworksBuildPhase section */

/* Begin PBXGroup section */
		70D15ADF1B0C24B400B417B4 = {
			isa = PBXGroup;
			children = (
				70D15AEA1B0C24B400B417B4 /* TwitterClientDemo */,
				70D15B031B0C24B400B417B4 /* TwitterClientDemoTests */,
				70D15AE91B0C24B400B417B4 /* Products */,
			);
			sourceTree = "<group>";
		};
		70D15AE91B0C24B400B417B4 /* Products */ = {
			isa = PBXGroup;
			children = (
				70D15AE81B0C24B400B417B4 /* TwitterClientDemo.app */,
				70D15B001B0C24B400B417B4 /* TwitterClientDemoTests.xctest */,
			);
			name = Products;
			sourceTree = "<group>";
		};
		70D15AEA1B0C24B400B417B4 /* TwitterClientDemo */ = {
			isa = PBXGroup;
			children = (
				70D15AED1B0C24B400B417B4 /* AppDelegate.swift */,
				70D15B101B0C27D400B417B4 /* Classes */,
				70D15B181B0C287A00B417B4 /* Resources */,
				70D15AF71B0C24B400B417B4 /* Images.xcassets */,
				70D15AF91B0C24B400B417B4 /* LaunchScreen.xib */,
				70D15AEF1B0C24B400B417B4 /* TwitterClientDemo.xcdatamodeld */,
				70D15AEB1B0C24B400B417B4 /* Supporting Files */,
			);
			path = TwitterClientDemo;
			sourceTree = "<group>";
		};
		70D15AEB1B0C24B400B417B4 /* Supporting Files */ = {
			isa = PBXGroup;
			children = (
				70D15AEC1B0C24B400B417B4 /* Info.plist */,
			);
			name = "Supporting Files";
			sourceTree = "<group>";
		};
		70D15B031B0C24B400B417B4 /* TwitterClientDemoTests */ = {
			isa = PBXGroup;
			children = (
				70D15B061B0C24B400B417B4 /* TwitterClientDemoTests.swift */,
				70D15B041B0C24B400B417B4 /* Supporting Files */,
			);
			path = TwitterClientDemoTests;
			sourceTree = "<group>";
		};
		70D15B041B0C24B400B417B4 /* Supporting Files */ = {
			isa = PBXGroup;
			children = (
				70D15B051B0C24B400B417B4 /* Info.plist */,
			);
			name = "Supporting Files";
			sourceTree = "<group>";
		};
		70D15B101B0C27D400B417B4 /* Classes */ = {
			isa = PBXGroup;
			children = (
				70D15B151B0C280D00B417B4 /* ViewModels */,
				70D15B141B0C280700B417B4 /* Stores */,
				70D15B131B0C27FF00B417B4 /* ViewControllers */,
				70D15B121B0C27F800B417B4 /* Models */,
				70D15B111B0C27DE00B417B4 /* Views */,
				70D15B1B1B0C29BD00B417B4 /* Constants */,
			);
			path = Classes;
			sourceTree = "<group>";
		};
		70D15B111B0C27DE00B417B4 /* Views */ = {
			isa = PBXGroup;
			children = (
			);
			path = Views;
			sourceTree = "<group>";
		};
		70D15B121B0C27F800B417B4 /* Models */ = {
			isa = PBXGroup;
			children = (
			);
			path = Models;
			sourceTree = "<group>";
		};
		70D15B131B0C27FF00B417B4 /* ViewControllers */ = {
			isa = PBXGroup;
			children = (
				70D15AF21B0C24B400B417B4 /* ViewController.swift */,
				70D15B221B0C317E00B417B4 /* LoginViewController.swift */,
			);
			path = ViewControllers;
			sourceTree = "<group>";
		};
		70D15B141B0C280700B417B4 /* Stores */ = {
			isa = PBXGroup;
			children = (
				70D15B261B0C436500B417B4 /* TwitterStore.swift */,
			);
			path = Stores;
			sourceTree = "<group>";
		};
		70D15B151B0C280D00B417B4 /* ViewModels */ = {
			isa = PBXGroup;
			children = (
			);
			path = ViewModels;
			sourceTree = "<group>";
		};
		70D15B161B0C286900B417B4 /* Storyboards */ = {
			isa = PBXGroup;
			children = (
				70D15B191B0C289200B417B4 /* Home.storyboard */,
				70D15B201B0C310B00B417B4 /* Login.storyboard */,
			);
			name = Storyboards;
			sourceTree = "<group>";
		};
		70D15B171B0C287400B417B4 /* XIBFiles */ = {
			isa = PBXGroup;
			children = (
			);
			name = XIBFiles;
			sourceTree = "<group>";
		};
		70D15B181B0C287A00B417B4 /* Resources */ = {
			isa = PBXGroup;
			children = (
				70D15B161B0C286900B417B4 /* Storyboards */,
				70D15B171B0C287400B417B4 /* XIBFiles */,
			);
			name = Resources;
			sourceTree = "<group>";
		};
		70D15B1B1B0C29BD00B417B4 /* Constants */ = {
			isa = PBXGroup;
			children = (
				70D15B1C1B0C29D100B417B4 /* StoryboardConstants.swift */,
				70D15B241B0C39C100B417B4 /* URLConstants.swift */,
			);
			name = Constants;
			sourceTree = "<group>";
		};
/* End PBXGroup section */

/* Begin PBXNativeTarget section */
		70D15AE71B0C24B400B417B4 /* TwitterClientDemo */ = {
			isa = PBXNativeTarget;
			buildConfigurationList = 70D15B0A1B0C24B400B417B4 /* Build configuration list for PBXNativeTarget "TwitterClientDemo" */;
			buildPhases = (
				70D15AE41B0C24B400B417B4 /* Sources */,
				70D15AE51B0C24B400B417B4 /* Frameworks */,
				70D15AE61B0C24B400B417B4 /* Resources */,
			);
			buildRules = (
			);
			dependencies = (
			);
			name = TwitterClientDemo;
			productName = TwitterClientDemo;
			productReference = 70D15AE81B0C24B400B417B4 /* TwitterClientDemo.app */;
			productType = "com.apple.product-type.application";
		};
		70D15AFF1B0C24B400B417B4 /* TwitterClientDemoTests */ = {
			isa = PBXNativeTarget;
			buildConfigurationList = 70D15B0D1B0C24B400B417B4 /* Build configuration list for PBXNativeTarget "TwitterClientDemoTests" */;
			buildPhases = (
				70D15AFC1B0C24B400B417B4 /* Sources */,
				70D15AFD1B0C24B400B417B4 /* Frameworks */,
				70D15AFE1B0C24B400B417B4 /* Resources */,
			);
			buildRules = (
			);
			dependencies = (
				70D15B021B0C24B400B417B4 /* PBXTargetDependency */,
			);
			name = TwitterClientDemoTests;
			productName = TwitterClientDemoTests;
			productReference = 70D15B001B0C24B400B417B4 /* TwitterClientDemoTests.xctest */;
			productType = "com.apple.product-type.bundle.unit-test";
		};
/* End PBXNativeTarget section */

/* Begin PBXProject section */
		70D15AE01B0C24B400B417B4 /* Project object */ = {
			isa = PBXProject;
			attributes = {
				LastUpgradeCheck = 0630;
				ORGANIZATIONNAME = kitasuke;
				TargetAttributes = {
					70D15AE71B0C24B400B417B4 = {
						CreatedOnToolsVersion = 6.3.1;
					};
					70D15AFF1B0C24B400B417B4 = {
						CreatedOnToolsVersion = 6.3.1;
						TestTargetID = 70D15AE71B0C24B400B417B4;
					};
				};
			};
			buildConfigurationList = 70D15AE31B0C24B400B417B4 /* Build configuration list for PBXProject "TwitterClientDemo" */;
			compatibilityVersion = "Xcode 3.2";
			developmentRegion = English;
			hasScannedForEncodings = 0;
			knownRegions = (
				en,
				Base,
			);
			mainGroup = 70D15ADF1B0C24B400B417B4;
			productRefGroup = 70D15AE91B0C24B400B417B4 /* Products */;
			projectDirPath = "";
			projectRoot = "";
			targets = (
				70D15AE71B0C24B400B417B4 /* TwitterClientDemo */,
				70D15AFF1B0C24B400B417B4 /* TwitterClientDemoTests */,
			);
		};
/* End PBXProject section */

/* Begin PBXResourcesBuildPhase section */
		70D15AE61B0C24B400B417B4 /* Resources */ = {
			isa = PBXResourcesBuildPhase;
			buildActionMask = 2147483647;
			files = (
				70D15B211B0C310B00B417B4 /* Login.storyboard in Resources */,
				70D15B1A1B0C289200B417B4 /* Home.storyboard in Resources */,
				70D15AFB1B0C24B400B417B4 /* LaunchScreen.xib in Resources */,
				70D15AF81B0C24B400B417B4 /* Images.xcassets in Resources */,
			);
			runOnlyForDeploymentPostprocessing = 0;
		};
		70D15AFE1B0C24B400B417B4 /* Resources */ = {
			isa = PBXResourcesBuildPhase;
			buildActionMask = 2147483647;
			files = (
			);
			runOnlyForDeploymentPostprocessing = 0;
		};
/* End PBXResourcesBuildPhase section */

/* Begin PBXSourcesBuildPhase section */
		70D15AE41B0C24B400B417B4 /* Sources */ = {
			isa = PBXSourcesBuildPhase;
			buildActionMask = 2147483647;
			files = (
				70D15AF31B0C24B400B417B4 /* ViewController.swift in Sources */,
				70D15AEE1B0C24B400B417B4 /* AppDelegate.swift in Sources */,
				70D15B1D1B0C29D100B417B4 /* StoryboardConstants.swift in Sources */,
				70D15B271B0C436500B417B4 /* TwitterStore.swift in Sources */,
				70D15B251B0C39C100B417B4 /* URLConstants.swift in Sources */,
				70D15B231B0C317E00B417B4 /* LoginViewController.swift in Sources */,
				70D15AF11B0C24B400B417B4 /* TwitterClientDemo.xcdatamodeld in Sources */,
			);
			runOnlyForDeploymentPostprocessing = 0;
		};
		70D15AFC1B0C24B400B417B4 /* Sources */ = {
			isa = PBXSourcesBuildPhase;
			buildActionMask = 2147483647;
			files = (
				70D15B071B0C24B400B417B4 /* TwitterClientDemoTests.swift in Sources */,
			);
			runOnlyForDeploymentPostprocessing = 0;
		};
/* End PBXSourcesBuildPhase section */

/* Begin PBXTargetDependency section */
		70D15B021B0C24B400B417B4 /* PBXTargetDependency */ = {
			isa = PBXTargetDependency;
			target = 70D15AE71B0C24B400B417B4 /* TwitterClientDemo */;
			targetProxy = 70D15B011B0C24B400B417B4 /* PBXContainerItemProxy */;
		};
/* End PBXTargetDependency section */

/* Begin PBXVariantGroup section */
		70D15AF91B0C24B400B417B4 /* LaunchScreen.xib */ = {
			isa = PBXVariantGroup;
			children = (
				70D15AFA1B0C24B400B417B4 /* Base */,
			);
			name = LaunchScreen.xib;
			sourceTree = "<group>";
		};
/* End PBXVariantGroup section */

/* Begin XCBuildConfiguration section */
		70D15B081B0C24B400B417B4 /* Debug */ = {
			isa = XCBuildConfiguration;
			buildSettings = {
				ALWAYS_SEARCH_USER_PATHS = NO;
				CLANG_CXX_LANGUAGE_STANDARD = "gnu++0x";
				CLANG_CXX_LIBRARY = "libc++";
				CLANG_ENABLE_MODULES = YES;
				CLANG_ENABLE_OBJC_ARC = YES;
				CLANG_WARN_BOOL_CONVERSION = YES;
				CLANG_WARN_CONSTANT_CONVERSION = YES;
				CLANG_WARN_DIRECT_OBJC_ISA_USAGE = YES_ERROR;
				CLANG_WARN_EMPTY_BODY = YES;
				CLANG_WARN_ENUM_CONVERSION = YES;
				CLANG_WARN_INT_CONVERSION = YES;
				CLANG_WARN_OBJC_ROOT_CLASS = YES_ERROR;
				CLANG_WARN_UNREACHABLE_CODE = YES;
				CLANG_WARN__DUPLICATE_METHOD_MATCH = YES;
				"CODE_SIGN_IDENTITY[sdk=iphoneos*]" = "iPhone Developer";
				COPY_PHASE_STRIP = NO;
				DEBUG_INFORMATION_FORMAT = "dwarf-with-dsym";
				ENABLE_STRICT_OBJC_MSGSEND = YES;
				GCC_C_LANGUAGE_STANDARD = gnu99;
				GCC_DYNAMIC_NO_PIC = NO;
				GCC_NO_COMMON_BLOCKS = YES;
				GCC_OPTIMIZATION_LEVEL = 0;
				GCC_PREPROCESSOR_DEFINITIONS = (
					"DEBUG=1",
					"$(inherited)",
				);
				GCC_SYMBOLS_PRIVATE_EXTERN = NO;
				GCC_WARN_64_TO_32_BIT_CONVERSION = YES;
				GCC_WARN_ABOUT_RETURN_TYPE = YES_ERROR;
				GCC_WARN_UNDECLARED_SELECTOR = YES;
				GCC_WARN_UNINITIALIZED_AUTOS = YES_AGGRESSIVE;
				GCC_WARN_UNUSED_FUNCTION = YES;
				GCC_WARN_UNUSED_VARIABLE = YES;
				IPHONEOS_DEPLOYMENT_TARGET = 8.0;
				MTL_ENABLE_DEBUG_INFO = YES;
				ONLY_ACTIVE_ARCH = YES;
				SDKROOT = iphoneos;
				SWIFT_OPTIMIZATION_LEVEL = "-Onone";
			};
			name = Debug;
		};
		70D15B091B0C24B400B417B4 /* Release */ = {
			isa = XCBuildConfiguration;
			buildSettings = {
				ALWAYS_SEARCH_USER_PATHS = NO;
				CLANG_CXX_LANGUAGE_STANDARD = "gnu++0x";
				CLANG_CXX_LIBRARY = "libc++";
				CLANG_ENABLE_MODULES = YES;
				CLANG_ENABLE_OBJC_ARC = YES;
				CLANG_WARN_BOOL_CONVERSION = YES;
				CLANG_WARN_CONSTANT_CONVERSION = YES;
				CLANG_WARN_DIRECT_OBJC_ISA_USAGE = YES_ERROR;
				CLANG_WARN_EMPTY_BODY = YES;
				CLANG_WARN_ENUM_CONVERSION = YES;
				CLANG_WARN_INT_CONVERSION = YES;
				CLANG_WARN_OBJC_ROOT_CLASS = YES_ERROR;
				CLANG_WARN_UNREACHABLE_CODE = YES;
				CLANG_WARN__DUPLICATE_METHOD_MATCH = YES;
				"CODE_SIGN_IDENTITY[sdk=iphoneos*]" = "iPhone Developer";
				COPY_PHASE_STRIP = NO;
				DEBUG_INFORMATION_FORMAT = "dwarf-with-dsym";
				ENABLE_NS_ASSERTIONS = NO;
				ENABLE_STRICT_OBJC_MSGSEND = YES;
				GCC_C_LANGUAGE_STANDARD = gnu99;
				GCC_NO_COMMON_BLOCKS = YES;
				GCC_WARN_64_TO_32_BIT_CONVERSION = YES;
				GCC_WARN_ABOUT_RETURN_TYPE = YES_ERROR;
				GCC_WARN_UNDECLARED_SELECTOR = YES;
				GCC_WARN_UNINITIALIZED_AUTOS = YES_AGGRESSIVE;
				GCC_WARN_UNUSED_FUNCTION = YES;
				GCC_WARN_UNUSED_VARIABLE = YES;
				IPHONEOS_DEPLOYMENT_TARGET = 8.0;
				MTL_ENABLE_DEBUG_INFO = NO;
				SDKROOT = iphoneos;
				VALIDATE_PRODUCT = YES;
			};
			name = Release;
		};
		70D15B0B1B0C24B400B417B4 /* Debug */ = {
			isa = XCBuildConfiguration;
			buildSettings = {
				ASSETCATALOG_COMPILER_APPICON_NAME = AppIcon;
				INFOPLIST_FILE = TwitterClientDemo/Info.plist;
				IPHONEOS_DEPLOYMENT_TARGET = 8.0;
				LD_RUNPATH_SEARCH_PATHS = "$(inherited) @executable_path/Frameworks";
				PRODUCT_NAME = "$(TARGET_NAME)";
			};
			name = Debug;
		};
		70D15B0C1B0C24B400B417B4 /* Release */ = {
			isa = XCBuildConfiguration;
			buildSettings = {
				ASSETCATALOG_COMPILER_APPICON_NAME = AppIcon;
				INFOPLIST_FILE = TwitterClientDemo/Info.plist;
				IPHONEOS_DEPLOYMENT_TARGET = 8.0;
				LD_RUNPATH_SEARCH_PATHS = "$(inherited) @executable_path/Frameworks";
				PRODUCT_NAME = "$(TARGET_NAME)";
			};
			name = Release;
		};
		70D15B0E1B0C24B400B417B4 /* Debug */ = {
			isa = XCBuildConfiguration;
			buildSettings = {
				BUNDLE_LOADER = "$(TEST_HOST)";
				FRAMEWORK_SEARCH_PATHS = (
					"$(SDKROOT)/Developer/Library/Frameworks",
					"$(inherited)",
				);
				GCC_PREPROCESSOR_DEFINITIONS = (
					"DEBUG=1",
					"$(inherited)",
				);
				INFOPLIST_FILE = TwitterClientDemoTests/Info.plist;
				LD_RUNPATH_SEARCH_PATHS = "$(inherited) @executable_path/Frameworks @loader_path/Frameworks";
				PRODUCT_NAME = "$(TARGET_NAME)";
				TEST_HOST = "$(BUILT_PRODUCTS_DIR)/TwitterClientDemo.app/TwitterClientDemo";
			};
			name = Debug;
		};
		70D15B0F1B0C24B400B417B4 /* Release */ = {
			isa = XCBuildConfiguration;
			buildSettings = {
				BUNDLE_LOADER = "$(TEST_HOST)";
				FRAMEWORK_SEARCH_PATHS = (
					"$(SDKROOT)/Developer/Library/Frameworks",
					"$(inherited)",
				);
				INFOPLIST_FILE = TwitterClientDemoTests/Info.plist;
				LD_RUNPATH_SEARCH_PATHS = "$(inherited) @executable_path/Frameworks @loader_path/Frameworks";
				PRODUCT_NAME = "$(TARGET_NAME)";
				TEST_HOST = "$(BUILT_PRODUCTS_DIR)/TwitterClientDemo.app/TwitterClientDemo";
			};
			name = Release;
		};
/* End XCBuildConfiguration section */

/* Begin XCConfigurationList section */
		70D15AE31B0C24B400B417B4 /* Build configuration list for PBXProject "TwitterClientDemo" */ = {
			isa = XCConfigurationList;
			buildConfigurations = (
				70D15B081B0C24B400B417B4 /* Debug */,
				70D15B091B0C24B400B417B4 /* Release */,
			);
			defaultConfigurationIsVisible = 0;
			defaultConfigurationName = Release;
		};
		70D15B0A1B0C24B400B417B4 /* Build configuration list for PBXNativeTarget "TwitterClientDemo" */ = {
			isa = XCConfigurationList;
			buildConfigurations = (
				70D15B0B1B0C24B400B417B4 /* Debug */,
				70D15B0C1B0C24B400B417B4 /* Release */,
			);
			defaultConfigurationIsVisible = 0;
			defaultConfigurationName = Release;
		};
		70D15B0D1B0C24B400B417B4 /* Build configuration list for PBXNativeTarget "TwitterClientDemoTests" */ = {
			isa = XCConfigurationList;
			buildConfigurations = (
				70D15B0E1B0C24B400B417B4 /* Debug */,
				70D15B0F1B0C24B400B417B4 /* Release */,
			);
			defaultConfigurationIsVisible = 0;
			defaultConfigurationName = Release;
		};
/* End XCConfigurationList section */

/* Begin XCVersionGroup section */
		70D15AEF1B0C24B400B417B4 /* TwitterClientDemo.xcdatamodeld */ = {
			isa = XCVersionGroup;
			children = (
				70D15AF01B0C24B400B417B4 /* TwitterClientDemo.xcdatamodel */,
			);
			currentVersion = 70D15AF01B0C24B400B417B4 /* TwitterClientDemo.xcdatamodel */;
			path = TwitterClientDemo.xcdatamodeld;
			sourceTree = "<group>";
			versionGroupType = wrapper.xcdatamodel;
		};
/* End XCVersionGroup section */
	};
	rootObject = 70D15AE01B0C24B400B417B4 /* Project object */;
}
